{
  "name": "colour-challenge",
  "version": "1.0.1",
  "lockfileVersion": 1,
  "requires": true,
  "dependencies": {
    "config": {
      "version": "3.3.3",
      "resolved": "https://registry.npmjs.org/config/-/config-3.3.3.tgz",
      "integrity": "sha512-T3RmZQEAji5KYqUQpziWtyGJFli6Khz7h0rpxDwYNjSkr5ynyTWwO7WpfjHzTXclNCDfSWQRcwMb+NwxJesCKw==",
      "requires": {
        "json5": "^2.1.1"
      }
    },
    "json5": {
      "version": "2.1.3",
      "resolved": "https://registry.npmjs.org/json5/-/json5-2.1.3.tgz",
      "integrity": "sha512-KXPvOm8K9IJKFM0bmdn8QXh7udDh1g/giieX0NLCaMnb4hEiVFqnop2ImTXCc5e0/oHz3LTqmHGtExn5hfMkOA==",
      "requires": {
        "minimist": "^1.2.5"
      }
    },
    "lodash": {
      "version": "4.17.20",
      "resolved": "https://registry.npmjs.org/lodash/-/lodash-4.17.20.tgz",
      "integrity": "sha512-PlhdFcillOINfeV7Ni6oF1TAEayyZBoZ8bcshTHqOYJYlrqzRK5hagpagky5o4HfCzzd1TRkXPMFq6cKk9rGmA=="
    },
    "minimist": {
      "version": "1.2.5",
      "resolved": "https://registry.npmjs.org/minimist/-/minimist-1.2.5.tgz",
      "integrity": "sha512-FM9nNUYrRBAELZQT3xeZQ7fmMOBg6nWNmJKTcgsJeaLstP/UODVpGsr5OhXhhXg6f+qtJ8uiZ+PUxkDWcgIXLw=="
    },
    "mustache": {
      "version": "4.1.0",
      "resolved": "https://registry.npmjs.org/mustache/-/mustache-4.1.0.tgz",
      "integrity": "sha512-0FsgP/WVq4mKyjolIyX+Z9Bd+3WS8GOwoUTyKXT5cTYMGeauNTi2HPCwERqseC1IHAy0Z7MDZnJBfjabd4O8GQ=="
    }
  }
}
